
Microsoft Visual Studio Solution File, Format Version 12.00
Project("{FAE04EC0-301F-11D3-BF4B-00C04F79EFBC}") = "Lab4_GraphicEditor", "Lab4_GraphicEditor.csproj", "{9780C7A9-34A4-49F7-B796-93EE2626AA51}"
EndProject
Global
	GlobalSection(SolutionConfigurationPlatforms) = preSolution
		Debug|Any CPU = Debug|Any CPU
		Release|Any CPU = Release|Any CPU
	EndGlobalSection
	GlobalSection(ProjectConfigurationPlatforms) = postSolution
		{9780C7A9-34A4-49F7-B796-93EE2626AA51}.Debug|Any CPU.ActiveCfg = Debug|Any CPU
		{9780C7A9-34A4-49F7-B796-93EE2626AA51}.Debug|Any CPU.Build.0 = Debug|Any CPU
		{9780C7A9-34A4-49F7-B796-93EE2626AA51}.Release|Any CPU.ActiveCfg = Release|Any CPU
		{9780C7A9-34A4-49F7-B796-93EE2626AA51}.Release|Any CPU.Build.0 = Release|Any CPU
	EndGlobalSection
EndGlobal
